GEM
  remote: https://rubygems.org/
  specs:
    awesome_print (1.9.2)
    base64 (0.3.0)
    chunky_png (1.4.0)
    color (2.2.0)
    logger (1.7.0)
    observer (0.1.2)
    ostruct (0.6.3)
    pkg-config (1.6.5)
    recursive-open-struct (2.1.0)
      ostruct
    regexp_parser (2.11.3)
    rexml (3.4.4)
    rmagick (6.1.5)
      observer (~> 0.1)
      pkg-config (~> 1.4)
    rtesseract (3.1.4)
    rubyzip (3.2.2)
    selenium-webdriver (4.40.0)
      base64 (~> 0.2)
      logger (~> 1.4)
      rexml (~> 3.2, >= 3.2.5)
      rubyzip (>= 1.2.2, < 4.0)
      websocket (~> 1.0)
    watir (7.3.0)
      regexp_parser (>= 1.2, < 3)
      selenium-webdriver (~> 4.2)
    websocket (1.2.11)

PLATFORMS
  ruby
  x86_64-darwin-21

DEPENDENCIES
  awesome_print
  chunky_png
  color
  recursive-open-struct
  rmagick
  rtesseract
  selenium-webdriver
  watir

BUNDLED WITH
   2.6.9
